<?xml version="1.0" encoding="utf-8"?>
<Project ToolsVersion="14.0" xmlns="http://schemas.microsoft.com/developer/msbuild/2003">
  <ItemGroup>
    <Filter Include="Resource Files">
      <UniqueIdentifier>{67DA6AB6-F800-4c08-8B7A-83BB121AAD01}</UniqueIdentifier>
      <Extensions>rc;ico;cur;bmp;dlg;rc2;rct;bin;rgs;gif;jpg;jpeg;jpe;resx;tga;tiff;tif;png;wav;mfcribbon-ms</Extensions>
    </Filter>
    <Filter Include="src">
      <UniqueIdentifier>{68ccb1ad-c3aa-464f-a0fb-8cc38deefb34}</UniqueIdentifier>
    </Filter>
    <Filter Include="src\libmodplug">
      <UniqueIdentifier>{a2bb3f13-465b-45a4-a7aa-29ae8af0e8da}</UniqueIdentifier>
    </Filter>
  </ItemGroup>
  <ItemGroup>
    <ClCompile Include="..\libmodplug\src\load_abc.cpp">
      <Filter>src</Filter>
    </ClCompile>
    <ClCompile Include="..\libmodplug\src\load_amf.cpp">
      <Filter>src</Filter>
    </ClCompile>
    <ClCompile Include="..\libmodplug\src\load_ams.cpp">
      <Filter>src</Filter>
    </ClCompile>
    <ClCompile Include="..\libmodplug\src\load_dbm.cpp">
      <Filter>src</Filter>
    </ClCompile>
    <ClCompile Include="..\libmodplug\src\load_dmf.cpp">
      <Filter>src</Filter>
    </ClCompile>
    <ClCompile Include="..\libmodplug\src\load_dsm.cpp">
      <Filter>src</Filter>
    </ClCompile>
    <ClCompile Include="..\libmodplug\src\load_far.cpp">
      <Filter>src</Filter>
    </ClCompile>
    <ClCompile Include="..\libmodplug\src\load_it.cpp">
      <Filter>src</Filter>
    </ClCompile>
    <ClCompile Include="..\libmodplug\src\load_j2b.cpp">
      <Filter>src</Filter>
    </ClCompile>
    <ClCompile Include="..\libmodplug\src\load_mdl.cpp">
      <Filter>src</Filter>
    </ClCompile>
    <ClCompile Include="..\libmodplug\src\load_med.cpp">
      <Filter>src</Filter>
    </ClCompile>
    <ClCompile Include="..\libmodplug\src\load_mid.cpp">
      <Filter>src</Filter>
    </ClCompile>
    <ClCompile Include="..\libmodplug\src\load_mod.cpp">
      <Filter>src</Filter>
    </ClCompile>
    <ClCompile Include="..\libmodplug\src\load_mt2.cpp">
      <Filter>src</Filter>
    </ClCompile>
    <ClCompile Include="..\libmodplug\src\load_mtm.cpp">
      <Filter>src</Filter>
    </ClCompile>
    <ClCompile Include="..\libmodplug\src\load_okt.cpp">
      <Filter>src</Filter>
    </ClCompile>
    <ClCompile Include="..\libmodplug\src\load_pat.cpp">
      <Filter>src</Filter>
    </ClCompile>
    <ClCompile Include="..\libmodplug\src\load_psm.cpp">
      <Filter>src</Filter>
    </ClCompile>
    <ClCompile Include="..\libmodplug\src\load_ptm.cpp">
      <Filter>src</Filter>
    </ClCompile>
    <ClCompile Include="..\libmodplug\src\load_s3m.cpp">
      <Filter>src</Filter>
    </ClCompile>
    <ClCompile Include="..\libmodplug\src\load_stm.cpp">
      <Filter>src</Filter>
    </ClCompile>
    <ClCompile Include="..\libmodplug\src\load_ult.cpp">
      <Filter>src</Filter>
    </ClCompile>
    <ClCompile Include="..\libmodplug\src\load_umx.cpp">
      <Filter>src</Filter>
    </ClCompile>
    <ClCompile Include="..\libmodplug\src\load_wav.cpp">
      <Filter>src</Filter>
    </ClCompile>
    <ClCompile Include="..\libmodplug\src\load_xm.cpp">
      <Filter>src</Filter>
    </ClCompile>
    <ClCompile Include="..\libmodplug\src\mmcmp.cpp">
      <Filter>src</Filter>
    </ClCompile>
    <ClCompile Include="..\libmodplug\src\modplug.cpp">
      <Filter>src</Filter>
    </ClCompile>
    <ClCompile Include="..\libmodplug\src\snd_dsp.cpp">
      <Filter>src</Filter>
    </ClCompile>
    <ClCompile Include="..\libmodplug\src\snd_flt.cpp">
      <Filter>src</Filter>
    </ClCompile>
    <ClCompile Include="..\libmodplug\src\snd_fx.cpp">
      <Filter>src</Filter>
    </ClCompile>
    <ClCompile Include="..\libmodplug\src\sndfile.cpp">
      <Filter>src</Filter>
    </ClCompile>
    <ClCompile Include="..\libmodplug\src\sndmix.cpp">
      <Filter>src</Filter>
    </ClCompile>
    <ClCompile Include="..\libmodplug\src\fastmix.cpp">
      <Filter>src</Filter>
    </ClCompile>
    <ClCompile Include="..\libmodplug\src\load_669.cpp">
      <Filter>src</Filter>
    </ClCompile>
  </ItemGroup>
  <ItemGroup>
    <ClInclude Include="..\libmodplug\src\load_pat.h">
      <Filter>src</Filter>
    </ClInclude>
    <ClInclude Include="..\libmodplug\src\modplug.h">
      <Filter>src</Filter>
    </ClInclude>
    <ClInclude Include="..\libmodplug\src\tables.h">
      <Filter>src</Filter>
    </ClInclude>
    <ClInclude Include="..\libmodplug\src\libmodplug\sndfile.h">
      <Filter>src\libmodplug</Filter>
    </ClInclude>
    <ClInclude Include="..\libmodplug\src\libmodplug\stdafx.h">
      <Filter>src\libmodplug</Filter>
    </ClInclude>
    <ClInclude Include="..\libmodplug\src\libmodplug\it_defs.h">
      <Filter>src\libmodplug</Filter>
    </ClInclude>
  </ItemGroup>
  <ItemGroup>
    <None Include="..\libmodplug\src\config.h.in">
      <Filter>src</Filter>
    </None>
  </ItemGroup>
</Project>